
Microsoft Visual Studio Solution File, Format Version 12.00
# Visual Studio Version 16
VisualStudioVersion = 16.0.30717.126
MinimumVisualStudioVersion = 10.0.40219.1
Project("{FAE04EC0-301F-11D3-BF4B-00C04F79EFBC}") = "SteamCommon", "SteamCommon.csproj", "{4050F4C3-5D5A-4FC5-95DB-1531D815AED5}"
EndProject
Global
	GlobalSection(SolutionConfigurationPlatforms) = preSolution
		Debug|Any CPU = Debug|Any CPU
		Release|Any CPU = Release|Any CPU
	EndGlobalSection
	GlobalSection(ProjectConfigurationPlatforms) = postSolution
		{4050F4C3-5D5A-4FC5-95DB-1531D815AED5}.Debug|Any CPU.ActiveCfg = Debug|Any CPU
		{4050F4C3-5D5A-4FC5-95DB-1531D815AED5}.Debug|Any CPU.Build.0 = Debug|Any CPU
		{4050F4C3-5D5A-4FC5-95DB-1531D815AED5}.Release|Any CPU.ActiveCfg = Release|Any CPU
		{4050F4C3-5D5A-4FC5-95DB-1531D815AED5}.Release|Any CPU.Build.0 = Release|Any CPU
	EndGlobalSection
	GlobalSection(SolutionProperties) = preSolution
		HideSolutionNode = FALSE
	EndGlobalSection
	GlobalSection(ExtensibilityGlobals) = postSolution
		SolutionGuid = {652BBB99-A3EB-4221-9E5F-AC51B08D8E1F}
	EndGlobalSection
EndGlobal
