
Microsoft Visual Studio Solution File, Format Version 12.00
# Visual Studio Version 16
VisualStudioVersion = 16.0.30717.126
MinimumVisualStudioVersion = 10.0.40219.1
Project("{FAE04EC0-301F-11D3-BF4B-00C04F79EFBC}") = "PluginsCommon", "Common\PluginsCommon\PluginsCommon.csproj", "{CBED3B97-8FB8-4CA4-8827-13065AB64113}"
EndProject
Project("{2150E333-8FDC-42A3-9474-1A3956D46DE8}") = "Generic", "Generic", "{0B392A79-5131-438C-BDB2-AEF170C06F60}"
EndProject
Project("{2150E333-8FDC-42A3-9474-1A3956D46DE8}") = "Common", "Common", "{82DA706F-BCA9-4D05-912F-E23A589A66C8}"
EndProject
Project("{2150E333-8FDC-42A3-9474-1A3956D46DE8}") = "Library", "Library", "{4168396D-8C15-4892-A09B-95E94B24B510}"
EndProject
Project("{FAE04EC0-301F-11D3-BF4B-00C04F79EFBC}") = "CooperativeModesImporter", "Generic\CooperativeModesImporter\CooperativeModesImporter.csproj", "{4FDF1E89-5BC3-4C72-8FDA-0D580E7A5D5F}"
EndProject
Project("{FAE04EC0-301F-11D3-BF4B-00C04F79EFBC}") = "ExtraMetadataLoader", "Generic\ExtraMetadataLoader\ExtraMetadataLoader.csproj", "{CD6A59BB-D91B-42C6-98F3-027D690AE74F}"
EndProject
Project("{FAE04EC0-301F-11D3-BF4B-00C04F79EFBC}") = "GamePassCatalogBrowser", "Generic\GamePassCatalogBrowser\GamePassCatalogBrowser.csproj", "{EC3574AA-38C9-4EA9-B750-C815CE6CAB25}"
EndProject
Project("{FAE04EC0-301F-11D3-BF4B-00C04F79EFBC}") = "GamesSizeCalculator", "Generic\GamesSizeCalculator\GamesSizeCalculator.csproj", "{1E80FE98-3F7D-4EE1-8CD1-4B7751CC141A}"
EndProject
Project("{FAE04EC0-301F-11D3-BF4B-00C04F79EFBC}") = "InstallationStatusUpdater", "Generic\InstallationStatusUpdater\InstallationStatusUpdater.csproj", "{51C3FE65-214E-4A7C-BD8C-9C3D46CD30B0}"
EndProject
Project("{FAE04EC0-301F-11D3-BF4B-00C04F79EFBC}") = "NewsViewer", "Generic\NewsViewer\NewsViewer.csproj", "{D7941592-8D0A-4521-A29C-7E79571291A1}"
EndProject
Project("{FAE04EC0-301F-11D3-BF4B-00C04F79EFBC}") = "NVIDIAGeForceNowLibrary", "Library\NVIDIAGeForceNowLibrary\NVIDIAGeForceNowLibrary.csproj", "{9942EA2C-F4EA-46CB-9033-FD063BD3D931}"
EndProject
Project("{FAE04EC0-301F-11D3-BF4B-00C04F79EFBC}") = "PlayState", "Generic\PlayState\PlayState.csproj", "{F3021AE3-EF99-480A-8CFE-A97672A36985}"
EndProject
Project("{FAE04EC0-301F-11D3-BF4B-00C04F79EFBC}") = "ResolutionChanger", "Generic\ResolutionChanger\ResolutionChanger.csproj", "{7BDB4FCC-B0A7-4D81-B54F-2E0133B28FF3}"
EndProject
Project("{FAE04EC0-301F-11D3-BF4B-00C04F79EFBC}") = "ReviewViewer", "Generic\ReviewViewer\ReviewViewer.csproj", "{E63CAD2F-E238-4F0B-B294-90810D6134B2}"
EndProject
Project("{FAE04EC0-301F-11D3-BF4B-00C04F79EFBC}") = "SpecialKHelper", "Generic\SpecialKHelper\SpecialKHelper.csproj", "{BCB07CE2-D6E4-4C73-B133-CC5A6AD1BFC4}"
EndProject
Project("{FAE04EC0-301F-11D3-BF4B-00C04F79EFBC}") = "SplashScreen", "Generic\SplashScreen\SplashScreen.csproj", "{54958136-EE8C-4747-9EAB-1920F9CE6C41}"
EndProject
Project("{FAE04EC0-301F-11D3-BF4B-00C04F79EFBC}") = "SteamGameTransferUtility", "Generic\SteamGameTransferUtility\SteamGameTransferUtility.csproj", "{B8B62F00-0C07-4B1E-BB2B-8FDE21A94B2B}"
EndProject
Project("{FAE04EC0-301F-11D3-BF4B-00C04F79EFBC}") = "SteamLauncherUtility", "Generic\SteamLauncherUtility\SteamLauncherUtility.csproj", "{1D868838-0CF3-4898-AA64-373CE5E555E7}"
EndProject
Project("{FAE04EC0-301F-11D3-BF4B-00C04F79EFBC}") = "ImporterforAnilist", "Library\ImporterforAnilist\ImporterforAnilist.csproj", "{2351B5C1-6E28-4B79-A1D9-90FDA53B5417}"
EndProject
Project("{FAE04EC0-301F-11D3-BF4B-00C04F79EFBC}") = "SteamCommon", "Common\SteamCommon\SteamCommon.csproj", "{4050F4C3-5D5A-4FC5-95DB-1531D815AED5}"
EndProject
Project("{FAE04EC0-301F-11D3-BF4B-00C04F79EFBC}") = "PlayniteUtilitiesCommon", "Common\PlayniteUtilitiesCommon\PlayniteUtilitiesCommon.csproj", "{F234D215-E78A-4C84-827D-F6EF09A86D9E}"
EndProject
Project("{FAE04EC0-301F-11D3-BF4B-00C04F79EFBC}") = "YouTubeCommon", "Common\YouTubeCommon\YouTubeCommon.csproj", "{5DDB1F18-00EC-47B5-89F9-1D453D1CE999}"
EndProject
Project("{FAE04EC0-301F-11D3-BF4B-00C04F79EFBC}") = "PlayniteControlLocker", "Generic\PlayniteControlLocker\PlayniteControlLocker.csproj", "{39C43569-FD87-4583-884E-A6E79BCFB598}"
EndProject
Project("{FAE04EC0-301F-11D3-BF4B-00C04F79EFBC}") = "SearchCollection", "Generic\SearchCollection\SearchCollection.csproj", "{67CABEA3-1069-499E-B843-D77F06090C7A}"
EndProject
Project("{FAE04EC0-301F-11D3-BF4B-00C04F79EFBC}") = "SaveFileView", "Generic\SaveFileView\SaveFileView.csproj", "{B572D4F6-EBDB-475E-A0D6-CE4CE050AB47}"
EndProject
Project("{FAE04EC0-301F-11D3-BF4B-00C04F79EFBC}") = "JastUsaLibrary", "Library\JastUsaLibrary\JastUsaLibrary.csproj", "{DB33EC10-055B-4644-97CE-B2D983A9B1DD}"
EndProject
Project("{FAE04EC0-301F-11D3-BF4B-00C04F79EFBC}") = "SteamSearch", "Generic\SteamSearch\SteamSearch.csproj", "{EF364832-C1EE-4829-A2CA-C7B66FAFC5C1}"
EndProject
Project("{FAE04EC0-301F-11D3-BF4B-00C04F79EFBC}") = "SteamWishlistDiscountNotifier", "Generic\SteamWishlistDiscountNotifier\SteamWishlistDiscountNotifier.csproj", "{C3F4C540-1237-4D3E-A835-DFD546361BD0}"
EndProject
Project("{2150E333-8FDC-42A3-9474-1A3956D46DE8}") = "Tests", "Tests", "{8F4D5B44-53DA-495F-B02E-EF19F39C1316}"
EndProject
Project("{FAE04EC0-301F-11D3-BF4B-00C04F79EFBC}") = "GamesSizeCalculator.Tests", "Tests\GamesSizeCalculator.Tests\GamesSizeCalculator.Tests.csproj", "{38E86445-58F1-493A-AD0E-A529B33EC396}"
EndProject
Project("{FAE04EC0-301F-11D3-BF4B-00C04F79EFBC}") = "ThemesDetailsViewToGridViewConverter", "Generic\ThemesDetailsViewToGridViewConverter\ThemesDetailsViewToGridViewConverter.csproj", "{818F97AF-1C3B-4F44-8107-352A2AD6F53D}"
EndProject
Project("{FAE04EC0-301F-11D3-BF4B-00C04F79EFBC}") = "PurchaseDateImporter", "Generic\PurchaseDateImporter\PurchaseDateImporter.csproj", "{ABAF89BF-6B65-4091-B4BF-73FA058FEA7A}"
EndProject
Project("{FAE04EC0-301F-11D3-BF4B-00C04F79EFBC}") = "SteamGameStatusDetector", "Generic\SteamGameStatusDetector\SteamGameStatusDetector.csproj", "{BD635425-A77A-452D-84A2-94965FFB6229}"
EndProject
Global
	GlobalSection(SolutionConfigurationPlatforms) = preSolution
		Debug|Any CPU = Debug|Any CPU
		Release|Any CPU = Release|Any CPU
	EndGlobalSection
	GlobalSection(ProjectConfigurationPlatforms) = postSolution
		{CBED3B97-8FB8-4CA4-8827-13065AB64113}.Debug|Any CPU.ActiveCfg = Debug|Any CPU
		{CBED3B97-8FB8-4CA4-8827-13065AB64113}.Debug|Any CPU.Build.0 = Debug|Any CPU
		{CBED3B97-8FB8-4CA4-8827-13065AB64113}.Release|Any CPU.ActiveCfg = Release|Any CPU
		{CBED3B97-8FB8-4CA4-8827-13065AB64113}.Release|Any CPU.Build.0 = Release|Any CPU
		{4FDF1E89-5BC3-4C72-8FDA-0D580E7A5D5F}.Debug|Any CPU.ActiveCfg = Debug|Any CPU
		{4FDF1E89-5BC3-4C72-8FDA-0D580E7A5D5F}.Debug|Any CPU.Build.0 = Debug|Any CPU
		{4FDF1E89-5BC3-4C72-8FDA-0D580E7A5D5F}.Release|Any CPU.ActiveCfg = Release|Any CPU
		{4FDF1E89-5BC3-4C72-8FDA-0D580E7A5D5F}.Release|Any CPU.Build.0 = Release|Any CPU
		{CD6A59BB-D91B-42C6-98F3-027D690AE74F}.Debug|Any CPU.ActiveCfg = Debug|Any CPU
		{CD6A59BB-D91B-42C6-98F3-027D690AE74F}.Debug|Any CPU.Build.0 = Debug|Any CPU
		{CD6A59BB-D91B-42C6-98F3-027D690AE74F}.Release|Any CPU.ActiveCfg = Release|Any CPU
		{CD6A59BB-D91B-42C6-98F3-027D690AE74F}.Release|Any CPU.Build.0 = Release|Any CPU
		{EC3574AA-38C9-4EA9-B750-C815CE6CAB25}.Debug|Any CPU.ActiveCfg = Debug|Any CPU
		{EC3574AA-38C9-4EA9-B750-C815CE6CAB25}.Debug|Any CPU.Build.0 = Debug|Any CPU
		{EC3574AA-38C9-4EA9-B750-C815CE6CAB25}.Release|Any CPU.ActiveCfg = Release|Any CPU
		{EC3574AA-38C9-4EA9-B750-C815CE6CAB25}.Release|Any CPU.Build.0 = Release|Any CPU
		{1E80FE98-3F7D-4EE1-8CD1-4B7751CC141A}.Debug|Any CPU.ActiveCfg = Debug|Any CPU
		{1E80FE98-3F7D-4EE1-8CD1-4B7751CC141A}.Debug|Any CPU.Build.0 = Debug|Any CPU
		{1E80FE98-3F7D-4EE1-8CD1-4B7751CC141A}.Release|Any CPU.ActiveCfg = Release|Any CPU
		{1E80FE98-3F7D-4EE1-8CD1-4B7751CC141A}.Release|Any CPU.Build.0 = Release|Any CPU
		{51C3FE65-214E-4A7C-BD8C-9C3D46CD30B0}.Debug|Any CPU.ActiveCfg = Debug|Any CPU
		{51C3FE65-214E-4A7C-BD8C-9C3D46CD30B0}.Debug|Any CPU.Build.0 = Debug|Any CPU
		{51C3FE65-214E-4A7C-BD8C-9C3D46CD30B0}.Release|Any CPU.ActiveCfg = Release|Any CPU
		{51C3FE65-214E-4A7C-BD8C-9C3D46CD30B0}.Release|Any CPU.Build.0 = Release|Any CPU
		{D7941592-8D0A-4521-A29C-7E79571291A1}.Debug|Any CPU.ActiveCfg = Debug|Any CPU
		{D7941592-8D0A-4521-A29C-7E79571291A1}.Debug|Any CPU.Build.0 = Debug|Any CPU
		{D7941592-8D0A-4521-A29C-7E79571291A1}.Release|Any CPU.ActiveCfg = Release|Any CPU
		{D7941592-8D0A-4521-A29C-7E79571291A1}.Release|Any CPU.Build.0 = Release|Any CPU
		{9942EA2C-F4EA-46CB-9033-FD063BD3D931}.Debug|Any CPU.ActiveCfg = Debug|Any CPU
		{9942EA2C-F4EA-46CB-9033-FD063BD3D931}.Debug|Any CPU.Build.0 = Debug|Any CPU
		{9942EA2C-F4EA-46CB-9033-FD063BD3D931}.Release|Any CPU.ActiveCfg = Release|Any CPU
		{9942EA2C-F4EA-46CB-9033-FD063BD3D931}.Release|Any CPU.Build.0 = Release|Any CPU
		{F3021AE3-EF99-480A-8CFE-A97672A36985}.Debug|Any CPU.ActiveCfg = Debug|Any CPU
		{F3021AE3-EF99-480A-8CFE-A97672A36985}.Debug|Any CPU.Build.0 = Debug|Any CPU
		{F3021AE3-EF99-480A-8CFE-A97672A36985}.Release|Any CPU.ActiveCfg = Release|Any CPU
		{F3021AE3-EF99-480A-8CFE-A97672A36985}.Release|Any CPU.Build.0 = Release|Any CPU
		{7BDB4FCC-B0A7-4D81-B54F-2E0133B28FF3}.Debug|Any CPU.ActiveCfg = Debug|Any CPU
		{7BDB4FCC-B0A7-4D81-B54F-2E0133B28FF3}.Debug|Any CPU.Build.0 = Debug|Any CPU
		{7BDB4FCC-B0A7-4D81-B54F-2E0133B28FF3}.Release|Any CPU.ActiveCfg = Release|Any CPU
		{7BDB4FCC-B0A7-4D81-B54F-2E0133B28FF3}.Release|Any CPU.Build.0 = Release|Any CPU
		{E63CAD2F-E238-4F0B-B294-90810D6134B2}.Debug|Any CPU.ActiveCfg = Debug|Any CPU
		{E63CAD2F-E238-4F0B-B294-90810D6134B2}.Debug|Any CPU.Build.0 = Debug|Any CPU
		{E63CAD2F-E238-4F0B-B294-90810D6134B2}.Release|Any CPU.ActiveCfg = Release|Any CPU
		{E63CAD2F-E238-4F0B-B294-90810D6134B2}.Release|Any CPU.Build.0 = Release|Any CPU
		{BCB07CE2-D6E4-4C73-B133-CC5A6AD1BFC4}.Debug|Any CPU.ActiveCfg = Debug|Any CPU
		{BCB07CE2-D6E4-4C73-B133-CC5A6AD1BFC4}.Debug|Any CPU.Build.0 = Debug|Any CPU
		{BCB07CE2-D6E4-4C73-B133-CC5A6AD1BFC4}.Release|Any CPU.ActiveCfg = Release|Any CPU
		{BCB07CE2-D6E4-4C73-B133-CC5A6AD1BFC4}.Release|Any CPU.Build.0 = Release|Any CPU
		{54958136-EE8C-4747-9EAB-1920F9CE6C41}.Debug|Any CPU.ActiveCfg = Debug|Any CPU
		{54958136-EE8C-4747-9EAB-1920F9CE6C41}.Debug|Any CPU.Build.0 = Debug|Any CPU
		{54958136-EE8C-4747-9EAB-1920F9CE6C41}.Release|Any CPU.ActiveCfg = Release|Any CPU
		{54958136-EE8C-4747-9EAB-1920F9CE6C41}.Release|Any CPU.Build.0 = Release|Any CPU
		{B8B62F00-0C07-4B1E-BB2B-8FDE21A94B2B}.Debug|Any CPU.ActiveCfg = Debug|Any CPU
		{B8B62F00-0C07-4B1E-BB2B-8FDE21A94B2B}.Debug|Any CPU.Build.0 = Debug|Any CPU
		{B8B62F00-0C07-4B1E-BB2B-8FDE21A94B2B}.Release|Any CPU.ActiveCfg = Release|Any CPU
		{B8B62F00-0C07-4B1E-BB2B-8FDE21A94B2B}.Release|Any CPU.Build.0 = Release|Any CPU
		{1D868838-0CF3-4898-AA64-373CE5E555E7}.Debug|Any CPU.ActiveCfg = Debug|Any CPU
		{1D868838-0CF3-4898-AA64-373CE5E555E7}.Debug|Any CPU.Build.0 = Debug|Any CPU
		{1D868838-0CF3-4898-AA64-373CE5E555E7}.Release|Any CPU.ActiveCfg = Release|Any CPU
		{1D868838-0CF3-4898-AA64-373CE5E555E7}.Release|Any CPU.Build.0 = Release|Any CPU
		{2351B5C1-6E28-4B79-A1D9-90FDA53B5417}.Debug|Any CPU.ActiveCfg = Debug|Any CPU
		{2351B5C1-6E28-4B79-A1D9-90FDA53B5417}.Debug|Any CPU.Build.0 = Debug|Any CPU
		{2351B5C1-6E28-4B79-A1D9-90FDA53B5417}.Release|Any CPU.ActiveCfg = Release|Any CPU
		{2351B5C1-6E28-4B79-A1D9-90FDA53B5417}.Release|Any CPU.Build.0 = Release|Any CPU
		{4050F4C3-5D5A-4FC5-95DB-1531D815AED5}.Debug|Any CPU.ActiveCfg = Debug|Any CPU
		{4050F4C3-5D5A-4FC5-95DB-1531D815AED5}.Debug|Any CPU.Build.0 = Debug|Any CPU
		{4050F4C3-5D5A-4FC5-95DB-1531D815AED5}.Release|Any CPU.ActiveCfg = Release|Any CPU
		{4050F4C3-5D5A-4FC5-95DB-1531D815AED5}.Release|Any CPU.Build.0 = Release|Any CPU
		{F234D215-E78A-4C84-827D-F6EF09A86D9E}.Debug|Any CPU.ActiveCfg = Debug|Any CPU
		{F234D215-E78A-4C84-827D-F6EF09A86D9E}.Debug|Any CPU.Build.0 = Debug|Any CPU
		{F234D215-E78A-4C84-827D-F6EF09A86D9E}.Release|Any CPU.ActiveCfg = Release|Any CPU
		{F234D215-E78A-4C84-827D-F6EF09A86D9E}.Release|Any CPU.Build.0 = Release|Any CPU
		{5DDB1F18-00EC-47B5-89F9-1D453D1CE999}.Debug|Any CPU.ActiveCfg = Debug|Any CPU
		{5DDB1F18-00EC-47B5-89F9-1D453D1CE999}.Debug|Any CPU.Build.0 = Debug|Any CPU
		{5DDB1F18-00EC-47B5-89F9-1D453D1CE999}.Release|Any CPU.ActiveCfg = Release|Any CPU
		{5DDB1F18-00EC-47B5-89F9-1D453D1CE999}.Release|Any CPU.Build.0 = Release|Any CPU
		{39C43569-FD87-4583-884E-A6E79BCFB598}.Debug|Any CPU.ActiveCfg = Debug|Any CPU
		{39C43569-FD87-4583-884E-A6E79BCFB598}.Debug|Any CPU.Build.0 = Debug|Any CPU
		{39C43569-FD87-4583-884E-A6E79BCFB598}.Release|Any CPU.ActiveCfg = Release|Any CPU
		{39C43569-FD87-4583-884E-A6E79BCFB598}.Release|Any CPU.Build.0 = Release|Any CPU
		{67CABEA3-1069-499E-B843-D77F06090C7A}.Debug|Any CPU.ActiveCfg = Debug|Any CPU
		{67CABEA3-1069-499E-B843-D77F06090C7A}.Debug|Any CPU.Build.0 = Debug|Any CPU
		{67CABEA3-1069-499E-B843-D77F06090C7A}.Release|Any CPU.ActiveCfg = Release|Any CPU
		{67CABEA3-1069-499E-B843-D77F06090C7A}.Release|Any CPU.Build.0 = Release|Any CPU
		{B572D4F6-EBDB-475E-A0D6-CE4CE050AB47}.Debug|Any CPU.ActiveCfg = Debug|Any CPU
		{B572D4F6-EBDB-475E-A0D6-CE4CE050AB47}.Debug|Any CPU.Build.0 = Debug|Any CPU
		{B572D4F6-EBDB-475E-A0D6-CE4CE050AB47}.Release|Any CPU.ActiveCfg = Release|Any CPU
		{B572D4F6-EBDB-475E-A0D6-CE4CE050AB47}.Release|Any CPU.Build.0 = Release|Any CPU
		{DB33EC10-055B-4644-97CE-B2D983A9B1DD}.Debug|Any CPU.ActiveCfg = Debug|Any CPU
		{DB33EC10-055B-4644-97CE-B2D983A9B1DD}.Debug|Any CPU.Build.0 = Debug|Any CPU
		{DB33EC10-055B-4644-97CE-B2D983A9B1DD}.Release|Any CPU.ActiveCfg = Release|Any CPU
		{DB33EC10-055B-4644-97CE-B2D983A9B1DD}.Release|Any CPU.Build.0 = Release|Any CPU
		{EF364832-C1EE-4829-A2CA-C7B66FAFC5C1}.Debug|Any CPU.ActiveCfg = Debug|Any CPU
		{EF364832-C1EE-4829-A2CA-C7B66FAFC5C1}.Debug|Any CPU.Build.0 = Debug|Any CPU
		{EF364832-C1EE-4829-A2CA-C7B66FAFC5C1}.Release|Any CPU.ActiveCfg = Release|Any CPU
		{EF364832-C1EE-4829-A2CA-C7B66FAFC5C1}.Release|Any CPU.Build.0 = Release|Any CPU
		{C3F4C540-1237-4D3E-A835-DFD546361BD0}.Debug|Any CPU.ActiveCfg = Debug|Any CPU
		{C3F4C540-1237-4D3E-A835-DFD546361BD0}.Debug|Any CPU.Build.0 = Debug|Any CPU
		{C3F4C540-1237-4D3E-A835-DFD546361BD0}.Release|Any CPU.ActiveCfg = Release|Any CPU
		{C3F4C540-1237-4D3E-A835-DFD546361BD0}.Release|Any CPU.Build.0 = Release|Any CPU
		{38E86445-58F1-493A-AD0E-A529B33EC396}.Debug|Any CPU.ActiveCfg = Debug|Any CPU
		{38E86445-58F1-493A-AD0E-A529B33EC396}.Debug|Any CPU.Build.0 = Debug|Any CPU
		{38E86445-58F1-493A-AD0E-A529B33EC396}.Release|Any CPU.ActiveCfg = Release|Any CPU
		{38E86445-58F1-493A-AD0E-A529B33EC396}.Release|Any CPU.Build.0 = Release|Any CPU
		{818F97AF-1C3B-4F44-8107-352A2AD6F53D}.Debug|Any CPU.ActiveCfg = Debug|Any CPU
		{818F97AF-1C3B-4F44-8107-352A2AD6F53D}.Debug|Any CPU.Build.0 = Debug|Any CPU
		{818F97AF-1C3B-4F44-8107-352A2AD6F53D}.Release|Any CPU.ActiveCfg = Release|Any CPU
		{818F97AF-1C3B-4F44-8107-352A2AD6F53D}.Release|Any CPU.Build.0 = Release|Any CPU
		{ABAF89BF-6B65-4091-B4BF-73FA058FEA7A}.Debug|Any CPU.ActiveCfg = Debug|Any CPU
		{ABAF89BF-6B65-4091-B4BF-73FA058FEA7A}.Debug|Any CPU.Build.0 = Debug|Any CPU
		{ABAF89BF-6B65-4091-B4BF-73FA058FEA7A}.Release|Any CPU.ActiveCfg = Release|Any CPU
		{ABAF89BF-6B65-4091-B4BF-73FA058FEA7A}.Release|Any CPU.Build.0 = Release|Any CPU
		{BD635425-A77A-452D-84A2-94965FFB6229}.Debug|Any CPU.ActiveCfg = Debug|Any CPU
		{BD635425-A77A-452D-84A2-94965FFB6229}.Debug|Any CPU.Build.0 = Debug|Any CPU
		{BD635425-A77A-452D-84A2-94965FFB6229}.Release|Any CPU.ActiveCfg = Release|Any CPU
		{BD635425-A77A-452D-84A2-94965FFB6229}.Release|Any CPU.Build.0 = Release|Any CPU
	EndGlobalSection
	GlobalSection(SolutionProperties) = preSolution
		HideSolutionNode = FALSE
	EndGlobalSection
	GlobalSection(NestedProjects) = preSolution
		{CBED3B97-8FB8-4CA4-8827-13065AB64113} = {82DA706F-BCA9-4D05-912F-E23A589A66C8}
		{4FDF1E89-5BC3-4C72-8FDA-0D580E7A5D5F} = {0B392A79-5131-438C-BDB2-AEF170C06F60}
		{CD6A59BB-D91B-42C6-98F3-027D690AE74F} = {0B392A79-5131-438C-BDB2-AEF170C06F60}
		{EC3574AA-38C9-4EA9-B750-C815CE6CAB25} = {0B392A79-5131-438C-BDB2-AEF170C06F60}
		{1E80FE98-3F7D-4EE1-8CD1-4B7751CC141A} = {0B392A79-5131-438C-BDB2-AEF170C06F60}
		{51C3FE65-214E-4A7C-BD8C-9C3D46CD30B0} = {0B392A79-5131-438C-BDB2-AEF170C06F60}
		{D7941592-8D0A-4521-A29C-7E79571291A1} = {0B392A79-5131-438C-BDB2-AEF170C06F60}
		{9942EA2C-F4EA-46CB-9033-FD063BD3D931} = {4168396D-8C15-4892-A09B-95E94B24B510}
		{F3021AE3-EF99-480A-8CFE-A97672A36985} = {0B392A79-5131-438C-BDB2-AEF170C06F60}
		{7BDB4FCC-B0A7-4D81-B54F-2E0133B28FF3} = {0B392A79-5131-438C-BDB2-AEF170C06F60}
		{E63CAD2F-E238-4F0B-B294-90810D6134B2} = {0B392A79-5131-438C-BDB2-AEF170C06F60}
		{BCB07CE2-D6E4-4C73-B133-CC5A6AD1BFC4} = {0B392A79-5131-438C-BDB2-AEF170C06F60}
		{54958136-EE8C-4747-9EAB-1920F9CE6C41} = {0B392A79-5131-438C-BDB2-AEF170C06F60}
		{B8B62F00-0C07-4B1E-BB2B-8FDE21A94B2B} = {0B392A79-5131-438C-BDB2-AEF170C06F60}
		{1D868838-0CF3-4898-AA64-373CE5E555E7} = {0B392A79-5131-438C-BDB2-AEF170C06F60}
		{2351B5C1-6E28-4B79-A1D9-90FDA53B5417} = {4168396D-8C15-4892-A09B-95E94B24B510}
		{4050F4C3-5D5A-4FC5-95DB-1531D815AED5} = {82DA706F-BCA9-4D05-912F-E23A589A66C8}
		{F234D215-E78A-4C84-827D-F6EF09A86D9E} = {82DA706F-BCA9-4D05-912F-E23A589A66C8}
		{5DDB1F18-00EC-47B5-89F9-1D453D1CE999} = {82DA706F-BCA9-4D05-912F-E23A589A66C8}
		{39C43569-FD87-4583-884E-A6E79BCFB598} = {0B392A79-5131-438C-BDB2-AEF170C06F60}
		{67CABEA3-1069-499E-B843-D77F06090C7A} = {0B392A79-5131-438C-BDB2-AEF170C06F60}
		{B572D4F6-EBDB-475E-A0D6-CE4CE050AB47} = {0B392A79-5131-438C-BDB2-AEF170C06F60}
		{DB33EC10-055B-4644-97CE-B2D983A9B1DD} = {4168396D-8C15-4892-A09B-95E94B24B510}
		{EF364832-C1EE-4829-A2CA-C7B66FAFC5C1} = {0B392A79-5131-438C-BDB2-AEF170C06F60}
		{C3F4C540-1237-4D3E-A835-DFD546361BD0} = {0B392A79-5131-438C-BDB2-AEF170C06F60}
		{38E86445-58F1-493A-AD0E-A529B33EC396} = {8F4D5B44-53DA-495F-B02E-EF19F39C1316}
		{818F97AF-1C3B-4F44-8107-352A2AD6F53D} = {0B392A79-5131-438C-BDB2-AEF170C06F60}
		{ABAF89BF-6B65-4091-B4BF-73FA058FEA7A} = {0B392A79-5131-438C-BDB2-AEF170C06F60}
		{BD635425-A77A-452D-84A2-94965FFB6229} = {0B392A79-5131-438C-BDB2-AEF170C06F60}
	EndGlobalSection
	GlobalSection(ExtensibilityGlobals) = postSolution
		SolutionGuid = {5F739A97-4CBD-45FB-9A77-3D79008FD096}
	EndGlobalSection
EndGlobal
